
Microsoft Visual Studio Solution File, Format Version 12.00
# Visual Studio Version 16
VisualStudioVersion = 16.0.30907.101
MinimumVisualStudioVersion = 10.0.40219.1
Project("{FAE04EC0-301F-11D3-BF4B-00C04F79EFBC}") = "SASS.Android", "SASS.Android\SASS.Android.csproj", "{DE238346-6BA4-4445-9648-F5F2116A27BE}"
EndProject
Project("{FAE04EC0-301F-11D3-BF4B-00C04F79EFBC}") = "SASS.iOS", "SASS.iOS\SASS.iOS.csproj", "{827C5980-90A0-4ED0-9EDB-6ADE956C1D73}"
EndProject
Project("{FAE04EC0-301F-11D3-BF4B-00C04F79EFBC}") = "SASS", "SASS\SASS.csproj", "{8BEA0158-D019-4BDD-8787-24D796F1A366}"
EndProject
Global
	GlobalSection(SolutionConfigurationPlatforms) = preSolution
		Debug|Any CPU = Debug|Any CPU
		Debug|iPhone = Debug|iPhone
		Debug|iPhoneSimulator = Debug|iPhoneSimulator
		Release|Any CPU = Release|Any CPU
		Release|iPhone = Release|iPhone
		Release|iPhoneSimulator = Release|iPhoneSimulator
	EndGlobalSection
	GlobalSection(ProjectConfigurationPlatforms) = postSolution
		{DE238346-6BA4-4445-9648-F5F2116A27BE}.Debug|Any CPU.ActiveCfg = Debug|Any CPU
		{DE238346-6BA4-4445-9648-F5F2116A27BE}.Debug|Any CPU.Build.0 = Debug|Any CPU
		{DE238346-6BA4-4445-9648-F5F2116A27BE}.Debug|Any CPU.Deploy.0 = Debug|Any CPU
		{DE238346-6BA4-4445-9648-F5F2116A27BE}.Debug|iPhone.ActiveCfg = Debug|Any CPU
		{DE238346-6BA4-4445-9648-F5F2116A27BE}.Debug|iPhone.Build.0 = Debug|Any CPU
		{DE238346-6BA4-4445-9648-F5F2116A27BE}.Debug|iPhone.Deploy.0 = Debug|Any CPU
		{DE238346-6BA4-4445-9648-F5F2116A27BE}.Debug|iPhoneSimulator.ActiveCfg = Debug|Any CPU
		{DE238346-6BA4-4445-9648-F5F2116A27BE}.Debug|iPhoneSimulator.Build.0 = Debug|Any CPU
		{DE238346-6BA4-4445-9648-F5F2116A27BE}.Debug|iPhoneSimulator.Deploy.0 = Debug|Any CPU
		{DE238346-6BA4-4445-9648-F5F2116A27BE}.Release|Any CPU.ActiveCfg = Release|Any CPU
		{DE238346-6BA4-4445-9648-F5F2116A27BE}.Release|Any CPU.Build.0 = Release|Any CPU
		{DE238346-6BA4-4445-9648-F5F2116A27BE}.Release|Any CPU.Deploy.0 = Release|Any CPU
		{DE238346-6BA4-4445-9648-F5F2116A27BE}.Release|iPhone.ActiveCfg = Release|Any CPU
		{DE238346-6BA4-4445-9648-F5F2116A27BE}.Release|iPhone.Build.0 = Release|Any CPU
		{DE238346-6BA4-4445-9648-F5F2116A27BE}.Release|iPhone.Deploy.0 = Release|Any CPU
		{DE238346-6BA4-4445-9648-F5F2116A27BE}.Release|iPhoneSimulator.ActiveCfg = Release|Any CPU
		{DE238346-6BA4-4445-9648-F5F2116A27BE}.Release|iPhoneSimulator.Build.0 = Release|Any CPU
		{DE238346-6BA4-4445-9648-F5F2116A27BE}.Release|iPhoneSimulator.Deploy.0 = Release|Any CPU
		{827C5980-90A0-4ED0-9EDB-6ADE956C1D73}.Debug|Any CPU.ActiveCfg = Debug|iPhone
		{827C5980-90A0-4ED0-9EDB-6ADE956C1D73}.Debug|Any CPU.Build.0 = Debug|iPhone
		{827C5980-90A0-4ED0-9EDB-6ADE956C1D73}.Debug|Any CPU.Deploy.0 = Debug|iPhone
		{827C5980-90A0-4ED0-9EDB-6ADE956C1D73}.Debug|iPhone.ActiveCfg = Debug|iPhone
		{827C5980-90A0-4ED0-9EDB-6ADE956C1D73}.Debug|iPhone.Build.0 = Debug|iPhone
		{827C5980-90A0-4ED0-9EDB-6ADE956C1D73}.Debug|iPhone.Deploy.0 = Debug|iPhone
		{827C5980-90A0-4ED0-9EDB-6ADE956C1D73}.Debug|iPhoneSimulator.ActiveCfg = Debug|iPhoneSimulator
		{827C5980-90A0-4ED0-9EDB-6ADE956C1D73}.Debug|iPhoneSimulator.Build.0 = Debug|iPhoneSimulator
		{827C5980-90A0-4ED0-9EDB-6ADE956C1D73}.Debug|iPhoneSimulator.Deploy.0 = Debug|iPhoneSimulator
		{827C5980-90A0-4ED0-9EDB-6ADE956C1D73}.Release|Any CPU.ActiveCfg = Release|iPhoneSimulator
		{827C5980-90A0-4ED0-9EDB-6ADE956C1D73}.Release|Any CPU.Build.0 = Release|iPhoneSimulator
		{827C5980-90A0-4ED0-9EDB-6ADE956C1D73}.Release|Any CPU.Deploy.0 = Release|iPhoneSimulator
		{827C5980-90A0-4ED0-9EDB-6ADE956C1D73}.Release|iPhone.ActiveCfg = Release|iPhone
		{827C5980-90A0-4ED0-9EDB-6ADE956C1D73}.Release|iPhone.Build.0 = Release|iPhone
		{827C5980-90A0-4ED0-9EDB-6ADE956C1D73}.Release|iPhone.Deploy.0 = Release|iPhone
		{827C5980-90A0-4ED0-9EDB-6ADE956C1D73}.Release|iPhoneSimulator.ActiveCfg = Release|iPhoneSimulator
		{827C5980-90A0-4ED0-9EDB-6ADE956C1D73}.Release|iPhoneSimulator.Build.0 = Release|iPhoneSimulator
		{827C5980-90A0-4ED0-9EDB-6ADE956C1D73}.Release|iPhoneSimulator.Deploy.0 = Release|iPhoneSimulator
		{8BEA0158-D019-4BDD-8787-24D796F1A366}.Debug|Any CPU.ActiveCfg = Debug|Any CPU
		{8BEA0158-D019-4BDD-8787-24D796F1A366}.Debug|Any CPU.Build.0 = Debug|Any CPU
		{8BEA0158-D019-4BDD-8787-24D796F1A366}.Debug|Any CPU.Deploy.0 = Debug|Any CPU
		{8BEA0158-D019-4BDD-8787-24D796F1A366}.Debug|iPhone.ActiveCfg = Debug|Any CPU
		{8BEA0158-D019-4BDD-8787-24D796F1A366}.Debug|iPhone.Build.0 = Debug|Any CPU
		{8BEA0158-D019-4BDD-8787-24D796F1A366}.Debug|iPhone.Deploy.0 = Debug|Any CPU
		{8BEA0158-D019-4BDD-8787-24D796F1A366}.Debug|iPhoneSimulator.ActiveCfg = Debug|Any CPU
		{8BEA0158-D019-4BDD-8787-24D796F1A366}.Debug|iPhoneSimulator.Build.0 = Debug|Any CPU
		{8BEA0158-D019-4BDD-8787-24D796F1A366}.Debug|iPhoneSimulator.Deploy.0 = Debug|Any CPU
		{8BEA0158-D019-4BDD-8787-24D796F1A366}.Release|Any CPU.ActiveCfg = Release|Any CPU
		{8BEA0158-D019-4BDD-8787-24D796F1A366}.Release|Any CPU.Build.0 = Release|Any CPU
		{8BEA0158-D019-4BDD-8787-24D796F1A366}.Release|Any CPU.Deploy.0 = Release|Any CPU
		{8BEA0158-D019-4BDD-8787-24D796F1A366}.Release|iPhone.ActiveCfg = Release|Any CPU
		{8BEA0158-D019-4BDD-8787-24D796F1A366}.Release|iPhone.Build.0 = Release|Any CPU
		{8BEA0158-D019-4BDD-8787-24D796F1A366}.Release|iPhone.Deploy.0 = Release|Any CPU
		{8BEA0158-D019-4BDD-8787-24D796F1A366}.Release|iPhoneSimulator.ActiveCfg = Release|Any CPU
		{8BEA0158-D019-4BDD-8787-24D796F1A366}.Release|iPhoneSimulator.Build.0 = Release|Any CPU
		{8BEA0158-D019-4BDD-8787-24D796F1A366}.Release|iPhoneSimulator.Deploy.0 = Release|Any CPU
	EndGlobalSection
	GlobalSection(SolutionProperties) = preSolution
		HideSolutionNode = FALSE
	EndGlobalSection
	GlobalSection(ExtensibilityGlobals) = postSolution
		SolutionGuid = {5EF5814B-5380-4FD8-BF1D-7488A631E60B}
	EndGlobalSection
EndGlobal
